
Microsoft Visual Studio Solution File, Format Version 12.00
# Visual Studio 15
VisualStudioVersion = 15.0.28307.168
MinimumVisualStudioVersion = 10.0.40219.1
Project("{8BC9CEB8-8B4A-11D0-8D11-00A0C91BC942}") = "Aula5", "Aula5\Aula5.vcxproj", "{90E6CCD6-FE24-4C07-9AB5-D1EF8981DF0F}"
EndProject
Project("{8BC9CEB8-8B4A-11D0-8D11-00A0C91BC942}") = "DataStructures", "..\DataStructures\DataStructures\DataStructures.vcxproj", "{2388ADFE-B84F-4F87-BDB2-DE375A44A5EF}"
EndProject
Global
	GlobalSection(SolutionConfigurationPlatforms) = preSolution
		Debug|x64 = Debug|x64
		Debug|x86 = Debug|x86
		Release|x64 = Release|x64
		Release|x86 = Release|x86
	EndGlobalSection
	GlobalSection(ProjectConfigurationPlatforms) = postSolution
		{90E6CCD6-FE24-4C07-9AB5-D1EF8981DF0F}.Debug|x64.ActiveCfg = Debug|x64
		{90E6CCD6-FE24-4C07-9AB5-D1EF8981DF0F}.Debug|x64.Build.0 = Debug|x64
		{90E6CCD6-FE24-4C07-9AB5-D1EF8981DF0F}.Debug|x86.ActiveCfg = Debug|Win32
		{90E6CCD6-FE24-4C07-9AB5-D1EF8981DF0F}.Debug|x86.Build.0 = Debug|Win32
		{90E6CCD6-FE24-4C07-9AB5-D1EF8981DF0F}.Release|x64.ActiveCfg = Release|x64
		{90E6CCD6-FE24-4C07-9AB5-D1EF8981DF0F}.Release|x64.Build.0 = Release|x64
		{90E6CCD6-FE24-4C07-9AB5-D1EF8981DF0F}.Release|x86.ActiveCfg = Release|Win32
		{90E6CCD6-FE24-4C07-9AB5-D1EF8981DF0F}.Release|x86.Build.0 = Release|Win32
		{2388ADFE-B84F-4F87-BDB2-DE375A44A5EF}.Debug|x64.ActiveCfg = Debug|x64
		{2388ADFE-B84F-4F87-BDB2-DE375A44A5EF}.Debug|x64.Build.0 = Debug|x64
		{2388ADFE-B84F-4F87-BDB2-DE375A44A5EF}.Debug|x86.ActiveCfg = Debug|Win32
		{2388ADFE-B84F-4F87-BDB2-DE375A44A5EF}.Debug|x86.Build.0 = Debug|Win32
		{2388ADFE-B84F-4F87-BDB2-DE375A44A5EF}.Release|x64.ActiveCfg = Release|x64
		{2388ADFE-B84F-4F87-BDB2-DE375A44A5EF}.Release|x64.Build.0 = Release|x64
		{2388ADFE-B84F-4F87-BDB2-DE375A44A5EF}.Release|x86.ActiveCfg = Release|Win32
		{2388ADFE-B84F-4F87-BDB2-DE375A44A5EF}.Release|x86.Build.0 = Release|Win32
	EndGlobalSection
	GlobalSection(SolutionProperties) = preSolution
		HideSolutionNode = FALSE
	EndGlobalSection
	GlobalSection(ExtensibilityGlobals) = postSolution
		SolutionGuid = {536B5F54-5CE8-4262-AD66-E1816CEA14A2}
	EndGlobalSection
EndGlobal
